
Microsoft Visual Studio Solution File, Format Version 12.00
# Visual Studio Version 17
VisualStudioVersion = 17.3.32929.385
MinimumVisualStudioVersion = 10.0.40219.1
Project("{FAE04EC0-301F-11D3-BF4B-00C04F79EFBC}") = "ResolvendoProblemaSemOrientacaoObjeto", "ResolvendoProblemaSemOrientacaoObjeto\ResolvendoProblemaSemOrientacaoObjeto.csproj", "{7F5B5B84-D992-46C1-8F6F-9B43D2D42AAD}"
EndProject
Global
	GlobalSection(SolutionConfigurationPlatforms) = preSolution
		Debug|Any CPU = Debug|Any CPU
		Release|Any CPU = Release|Any CPU
	EndGlobalSection
	GlobalSection(ProjectConfigurationPlatforms) = postSolution
		{7F5B5B84-D992-46C1-8F6F-9B43D2D42AAD}.Debug|Any CPU.ActiveCfg = Debug|Any CPU
		{7F5B5B84-D992-46C1-8F6F-9B43D2D42AAD}.Debug|Any CPU.Build.0 = Debug|Any CPU
		{7F5B5B84-D992-46C1-8F6F-9B43D2D42AAD}.Release|Any CPU.ActiveCfg = Release|Any CPU
		{7F5B5B84-D992-46C1-8F6F-9B43D2D42AAD}.Release|Any CPU.Build.0 = Release|Any CPU
	EndGlobalSection
	GlobalSection(SolutionProperties) = preSolution
		HideSolutionNode = FALSE
	EndGlobalSection
	GlobalSection(ExtensibilityGlobals) = postSolution
		SolutionGuid = {50B73932-8790-47F9-B33F-E2D17B5E592D}
	EndGlobalSection
EndGlobal
